
Microsoft Visual Studio Solution File, Format Version 12.00
# Visual Studio Version 17
VisualStudioVersion = 17.13.35825.156 d17.13
MinimumVisualStudioVersion = 10.0.40219.1
Project("{CC5FD16D-436D-48AD-A40C-5A424C6E3E79}") = "Lab11", "Lab11.ccproj", "{3B4E77B5-4309-42E3-9013-9C51A2FB9BD2}"
EndProject
Project("{FAE04EC0-301F-11D3-BF4B-00C04F79EFBC}") = "Server", "Server\Server.csproj", "{AFC9B418-300D-482E-AE32-C9497858820B}"
EndProject
Global
	GlobalSection(SolutionConfigurationPlatforms) = preSolution
		Debug|Any CPU = Debug|Any CPU
		Release|Any CPU = Release|Any CPU
	EndGlobalSection
	GlobalSection(ProjectConfigurationPlatforms) = postSolution
		{3B4E77B5-4309-42E3-9013-9C51A2FB9BD2}.Debug|Any CPU.ActiveCfg = Debug|Any CPU
		{3B4E77B5-4309-42E3-9013-9C51A2FB9BD2}.Debug|Any CPU.Build.0 = Debug|Any CPU
		{3B4E77B5-4309-42E3-9013-9C51A2FB9BD2}.Release|Any CPU.ActiveCfg = Release|Any CPU
		{3B4E77B5-4309-42E3-9013-9C51A2FB9BD2}.Release|Any CPU.Build.0 = Release|Any CPU
		{AFC9B418-300D-482E-AE32-C9497858820B}.Debug|Any CPU.ActiveCfg = Debug|Any CPU
		{AFC9B418-300D-482E-AE32-C9497858820B}.Debug|Any CPU.Build.0 = Debug|Any CPU
		{AFC9B418-300D-482E-AE32-C9497858820B}.Release|Any CPU.ActiveCfg = Release|Any CPU
		{AFC9B418-300D-482E-AE32-C9497858820B}.Release|Any CPU.Build.0 = Release|Any CPU
	EndGlobalSection
	GlobalSection(SolutionProperties) = preSolution
		HideSolutionNode = FALSE
	EndGlobalSection
	GlobalSection(ExtensibilityGlobals) = postSolution
		SolutionGuid = {E78EEE15-93F0-4417-93CA-8E70EECC48A0}
	EndGlobalSection
EndGlobal
